
Microsoft Visual Studio Solution File, Format Version 12.00
# Visual Studio Version 17
VisualStudioVersion = 17.4.33122.133
MinimumVisualStudioVersion = 10.0.40219.1
Project("{9A19103F-16F7-4668-BE54-9A1E7A4F7556}") = "TwoStepRegistrationWithIdentity", "src\WebUI\TwoStepRegistrationWithIdentity.csproj", "{362982A8-2924-4306-BC4A-2EC4468B6521}"
EndProject
Project("{9A19103F-16F7-4668-BE54-9A1E7A4F7556}") = "Infrastructure", "src\Infrastructure\Infrastructure.csproj", "{6EFB7A03-ABF6-4D58-BBC3-FADC74ACAC2E}"
EndProject
Project("{9A19103F-16F7-4668-BE54-9A1E7A4F7556}") = "Domain", "src\Domain\Domain.csproj", "{AC7EFCA8-B5D9-44FD-A688-5B84170CFDBD}"
EndProject
Project("{FAE04EC0-301F-11D3-BF4B-00C04F79EFBC}") = "Application", "src\Application\Application.csproj", "{E98DFCF2-E836-4ECD-BF5A-A382A93BE162}"
EndProject
Global
	GlobalSection(SolutionConfigurationPlatforms) = preSolution
		Debug|Any CPU = Debug|Any CPU
		Release|Any CPU = Release|Any CPU
	EndGlobalSection
	GlobalSection(ProjectConfigurationPlatforms) = postSolution
		{362982A8-2924-4306-BC4A-2EC4468B6521}.Debug|Any CPU.ActiveCfg = Debug|Any CPU
		{362982A8-2924-4306-BC4A-2EC4468B6521}.Debug|Any CPU.Build.0 = Debug|Any CPU
		{362982A8-2924-4306-BC4A-2EC4468B6521}.Release|Any CPU.ActiveCfg = Release|Any CPU
		{362982A8-2924-4306-BC4A-2EC4468B6521}.Release|Any CPU.Build.0 = Release|Any CPU
		{6EFB7A03-ABF6-4D58-BBC3-FADC74ACAC2E}.Debug|Any CPU.ActiveCfg = Debug|Any CPU
		{6EFB7A03-ABF6-4D58-BBC3-FADC74ACAC2E}.Debug|Any CPU.Build.0 = Debug|Any CPU
		{6EFB7A03-ABF6-4D58-BBC3-FADC74ACAC2E}.Release|Any CPU.ActiveCfg = Release|Any CPU
		{6EFB7A03-ABF6-4D58-BBC3-FADC74ACAC2E}.Release|Any CPU.Build.0 = Release|Any CPU
		{AC7EFCA8-B5D9-44FD-A688-5B84170CFDBD}.Debug|Any CPU.ActiveCfg = Debug|Any CPU
		{AC7EFCA8-B5D9-44FD-A688-5B84170CFDBD}.Debug|Any CPU.Build.0 = Debug|Any CPU
		{AC7EFCA8-B5D9-44FD-A688-5B84170CFDBD}.Release|Any CPU.ActiveCfg = Release|Any CPU
		{AC7EFCA8-B5D9-44FD-A688-5B84170CFDBD}.Release|Any CPU.Build.0 = Release|Any CPU
		{E98DFCF2-E836-4ECD-BF5A-A382A93BE162}.Debug|Any CPU.ActiveCfg = Debug|Any CPU
		{E98DFCF2-E836-4ECD-BF5A-A382A93BE162}.Debug|Any CPU.Build.0 = Debug|Any CPU
		{E98DFCF2-E836-4ECD-BF5A-A382A93BE162}.Release|Any CPU.ActiveCfg = Release|Any CPU
		{E98DFCF2-E836-4ECD-BF5A-A382A93BE162}.Release|Any CPU.Build.0 = Release|Any CPU
	EndGlobalSection
	GlobalSection(SolutionProperties) = preSolution
		HideSolutionNode = FALSE
	EndGlobalSection
	GlobalSection(ExtensibilityGlobals) = postSolution
		SolutionGuid = {525CB606-ECAA-4DDC-825A-826105CE6006}
	EndGlobalSection
EndGlobal
